{
  "name": "ERPexpo",
  "lockfileVersion": 3,
  "requires": true,
  "packages": {
    "": {
      "dependencies": {
        "primeicons": "^8.0.0",
        "primereact": "^11.0.0"
      }
    },
    "node_modules/@noble/ed25519": {
      "version": "2.3.0",
      "resolved": "https://registry.npmjs.org/@noble/ed25519/-/ed25519-2.3.0.tgz",
      "integrity": "sha512-M7dvXL2B92/M7dw9+gzuydL8qn/jiqNHaoR3Q+cb1q1GHV7uwE17WCyFMG+Y+TZb5izcaXk5TdJRrDUxHXL78A==",
      "license": "MIT",
      "funding": {
        "url": "https://paulmillr.com/funding/"
      }
    },
    "node_modules/@noble/hashes": {
      "version": "2.2.0",
      "resolved": "https://registry.npmjs.org/@noble/hashes/-/hashes-2.2.0.tgz",
      "integrity": "sha512-IYqDGiTXab6FniAgnSdZwgWbomxpy9FtYvLKs7wCUs2a8RkITG+DFGO1DM9cr+E3/RgADRpFjrKVaJ1z6sjtEg==",
      "license": "MIT",
      "engines": {
        "node": ">= 20.19.0"
      },
      "funding": {
        "url": "https://paulmillr.com/funding/"
      }
    },
    "node_modules/@primereact/core": {
      "version": "11.0.0",
      "resolved": "https://registry.npmjs.org/@primereact/core/-/core-11.0.0.tgz",
      "integrity": "sha512-8ceGyUgGcZvbn6XMaOwdlyf6HCd6qYvD5tjrZyDKFUcvi17BiY5oPLthwZUYh1JsNiwHgKUV8B/Eo9rjI9VWyA==",
      "license": "SEE LICENSE IN LICENSE.md",
      "dependencies": {
        "@primereact/hooks": "11.0.0",
        "@primereact/types": "11.0.0",
        "@primeui/license-manager": "^1.0.0",
        "@primeuix/locale": "^0.1.0",
        "@primeuix/motion": "^1.0.0",
        "@primeuix/styled": "^1.0.0",
        "@primeuix/utils": "^0.8.0"
      },
      "peerDependencies": {
        "react": ">=19.0.0"
      }
    },
    "node_modules/@primereact/headless": {
      "version": "11.0.0",
      "resolved": "https://registry.npmjs.org/@primereact/headless/-/headless-11.0.0.tgz",
      "integrity": "sha512-fFNRK5xCGFwOOITgLeBQ+RC/+SWDFrTVBwkDZ6qlsHWpn8XjCVBLpA+QsYuoP2z8MkY3mk6+NnwZqi/y6YL90w==",
      "license": "SEE LICENSE IN LICENSE.md",
      "dependencies": {
        "@primereact/core": "11.0.0",
        "@primereact/hooks": "11.0.0",
        "@primeui/license-manager": "^1.0.0",
        "@primeuix/styled": "^1.0.0",
        "@primeuix/utils": "^0.8.0"
      }
    },
    "node_modules/@primereact/hooks": {
      "version": "11.0.0",
      "resolved": "https://registry.npmjs.org/@primereact/hooks/-/hooks-11.0.0.tgz",
      "integrity": "sha512-ohah+jaiQd2piCnY436VC4UKdQgHAdB8x5e84S9AnsNIsWVjv91htDNQ0IBdikii8zxTfSPIZCDjM5IBYqed8Q==",
      "license": "SEE LICENSE IN LICENSE.md",
      "dependencies": {
        "@primeuix/utils": "^0.8.0"
      },
      "peerDependencies": {
        "react": ">=19.0.0"
      }
    },
    "node_modules/@primereact/types": {
      "version": "11.0.0",
      "resolved": "https://registry.npmjs.org/@primereact/types/-/types-11.0.0.tgz",
      "integrity": "sha512-xuioS0Ou3AOeS4PxtYULKkn4kwCMLKX/l7yxFc39YsF4cFDLBqRJzESgsKrDYm0wcZRYWGa44pAcYKwxUO/4QQ==",
      "license": "SEE LICENSE IN LICENSE.md",
      "peerDependencies": {
        "@primeuix/motion": "^1.0.0",
        "@primeuix/styled": "^1.0.0"
      }
    },
    "node_modules/@primeui/license-manager": {
      "version": "1.0.0",
      "resolved": "https://registry.npmjs.org/@primeui/license-manager/-/license-manager-1.0.0.tgz",
      "integrity": "sha512-89J7r8cclEqoHVwjOX1adPcB/blFSocpzuYlzmd+6r0gxzg2Vd4jM54TKXt9/qwAT/kOv4vYnHKZ6hcP2GFtfA==",
      "license": "SEE LICENSE IN LICENSE.md",
      "dependencies": {
        "@noble/ed25519": "2.3.0",
        "@noble/hashes": "2.2.0"
      }
    },
    "node_modules/@primeuix/locale": {
      "version": "0.1.0",
      "resolved": "https://registry.npmjs.org/@primeuix/locale/-/locale-0.1.0.tgz",
      "integrity": "sha512-/qLGiwQ/YN83GPSygKEI3cwgZ+rb0R0rNNtQrOGGaHIaG3zpkGS3QbK/qtDUi0leC69jJgY39GDX+gCeUXPKdg==",
      "license": "SEE LICENSE IN LICENSE.md",
      "dependencies": {
        "@primeuix/utils": "^0.8.0"
      },
      "engines": {
        "node": ">=12.11.0"
      }
    },
    "node_modules/@primeuix/motion": {
      "version": "1.0.0",
      "resolved": "https://registry.npmjs.org/@primeuix/motion/-/motion-1.0.0.tgz",
      "integrity": "sha512-rqpFRKmUVp9BI3YQKdok0rLUwzYShXzuuxy72Kq74xYRV14eR+4+XrIXOdyVs7j7CYV0ajYowiRpJCrVgdrq6A==",
      "license": "SEE LICENSE IN LICENSE.md",
      "dependencies": {
        "@primeuix/utils": "^0.8.0"
      },
      "engines": {
        "node": ">=12.11.0"
      }
    },
    "node_modules/@primeuix/styled": {
      "version": "1.0.0",
      "resolved": "https://registry.npmjs.org/@primeuix/styled/-/styled-1.0.0.tgz",
      "integrity": "sha512-6SXoeQWwKswSqTv1ygaXNfY7otHo6Rb9mxbKJK5WF8adWlZ6CtwmlNfIP+p8cH/zGccsei/5Bu7IetXlMoZGjQ==",
      "license": "SEE LICENSE IN LICENSE.md",
      "dependencies": {
        "@primeui/license-manager": "^1.0.0",
        "@primeuix/utils": "^0.8.0"
      },
      "engines": {
        "node": ">=12.11.0"
      }
    },
    "node_modules/@primeuix/utils": {
      "version": "0.8.0",
      "resolved": "https://registry.npmjs.org/@primeuix/utils/-/utils-0.8.0.tgz",
      "integrity": "sha512-dZSMKU2XJ7W7VDLuFMS/o4k+QYw4SYIpqSNhR/jdasMaaXl8eq0Gt7fTzTwwq7hgfmfOsI6V5xtzUUIvybOJ/w==",
      "license": "SEE LICENSE IN LICENSE.md",
      "engines": {
        "node": ">=12.11.0"
      }
    },
    "node_modules/primeicons": {
      "version": "8.0.0",
      "resolved": "https://registry.npmjs.org/primeicons/-/primeicons-8.0.0.tgz",
      "integrity": "sha512-eZGk+Mgb4fE+LkJi9LvllbnB4RVUF9kzmnLVnT3ZMY6stqKVh7TUJ0mFoMNIEgTnJSvhaGcJotDiSvtVvkHd7g==",
      "license": "SEE LICENSE IN LICENSE.md"
    },
    "node_modules/primereact": {
      "version": "11.0.0",
      "resolved": "https://registry.npmjs.org/primereact/-/primereact-11.0.0.tgz",
      "integrity": "sha512-F4m7J6Ifk2zNW3iugt/8cez7WIr+8XehiIK6uLuw7zsZQJ6FBbAFpGjAq8zr6qfp3lqbnc90zbdaU3V8oHgE4g==",
      "license": "SEE LICENSE IN LICENSE.md",
      "dependencies": {
        "@primereact/core": "11.0.0",
        "@primereact/headless": "11.0.0"
      },
      "peerDependencies": {
        "react": ">=19.0.0",
        "react-dom": ">=19.0.0"
      }
    },
    "node_modules/react": {
      "version": "19.2.8",
      "resolved": "https://registry.npmjs.org/react/-/react-19.2.8.tgz",
      "integrity": "sha512-PWaYA1L/q9u2u7xYQi+Y3L3Yfnie7XyLeaJICV1MGD6LprsBxcAqGjYyr0eY3p+QdsA+x/Irkt4Qif8D63+Sbw==",
      "license": "MIT",
      "peer": true,
      "engines": {
        "node": ">=0.10.0"
      }
    },
    "node_modules/react-dom": {
      "version": "19.2.8",
      "resolved": "https://registry.npmjs.org/react-dom/-/react-dom-19.2.8.tgz",
      "integrity": "sha512-rVprimfGBG3DR+Tq0IQG2DT5PxKth1WIGDmj5yPmlzr4YBe7uyE+Du4oVqTDXZSHGGGXRtTJEGSSePyQCMBglQ==",
      "license": "MIT",
      "peer": true,
      "dependencies": {
        "scheduler": "^0.27.0"
      },
      "peerDependencies": {
        "react": "^19.2.8"
      }
    },
    "node_modules/scheduler": {
      "version": "0.27.0",
      "resolved": "https://registry.npmjs.org/scheduler/-/scheduler-0.27.0.tgz",
      "integrity": "sha512-eNv+WrVbKu1f3vbYJT/xtiF5syA5HPIMtf9IgY/nKg0sWqzAUEvqY/xm7OcZc/qafLx/iO9FgOmeSAp4v5ti/Q==",
      "license": "MIT",
      "peer": true
    }
  }
}
